
Microsoft Visual Studio Solution File, Format Version 12.00
Project("{FAE04EC0-301F-11D3-BF4B-00C04F79EFBC}") = "Nsg.Core", "Nsg.Core\Nsg.Core.csproj", "{08D64FEC-50CB-4201-883C-84884A5D68E1}"
EndProject
Project("{2150E333-8FDC-42A3-9474-1A3956D46DE8}") = "Examples", "Examples", "{8F0457B3-E205-44CF-AFAA-5EB8B8967399}"
EndProject
Project("{FAE04EC0-301F-11D3-BF4B-00C04F79EFBC}") = "Nsg.VeldridBackend", "Nsg.VeldridBackend\Nsg.VeldridBackend.csproj", "{5B7B1415-4425-42BD-B0EB-B9AC6424EDAB}"
EndProject
Project("{FAE04EC0-301F-11D3-BF4B-00C04F79EFBC}") = "HelloNsg", "HelloNsg\HelloNsg.csproj", "{56046B5B-D92E-40D6-8FBF-AA2524B51271}"
EndProject
Global
	GlobalSection(SolutionConfigurationPlatforms) = preSolution
		Debug|Any CPU = Debug|Any CPU
		Release|Any CPU = Release|Any CPU
	EndGlobalSection
	GlobalSection(ProjectConfigurationPlatforms) = postSolution
		{08D64FEC-50CB-4201-883C-84884A5D68E1}.Debug|Any CPU.ActiveCfg = Debug|Any CPU
		{08D64FEC-50CB-4201-883C-84884A5D68E1}.Debug|Any CPU.Build.0 = Debug|Any CPU
		{08D64FEC-50CB-4201-883C-84884A5D68E1}.Release|Any CPU.ActiveCfg = Release|Any CPU
		{08D64FEC-50CB-4201-883C-84884A5D68E1}.Release|Any CPU.Build.0 = Release|Any CPU
		{5B7B1415-4425-42BD-B0EB-B9AC6424EDAB}.Debug|Any CPU.ActiveCfg = Debug|Any CPU
		{5B7B1415-4425-42BD-B0EB-B9AC6424EDAB}.Debug|Any CPU.Build.0 = Debug|Any CPU
		{5B7B1415-4425-42BD-B0EB-B9AC6424EDAB}.Release|Any CPU.ActiveCfg = Release|Any CPU
		{5B7B1415-4425-42BD-B0EB-B9AC6424EDAB}.Release|Any CPU.Build.0 = Release|Any CPU
		{56046B5B-D92E-40D6-8FBF-AA2524B51271}.Debug|Any CPU.ActiveCfg = Debug|Any CPU
		{56046B5B-D92E-40D6-8FBF-AA2524B51271}.Debug|Any CPU.Build.0 = Debug|Any CPU
		{56046B5B-D92E-40D6-8FBF-AA2524B51271}.Release|Any CPU.ActiveCfg = Release|Any CPU
		{56046B5B-D92E-40D6-8FBF-AA2524B51271}.Release|Any CPU.Build.0 = Release|Any CPU
	EndGlobalSection
	GlobalSection(NestedProjects) = preSolution
		{56046B5B-D92E-40D6-8FBF-AA2524B51271} = {8F0457B3-E205-44CF-AFAA-5EB8B8967399}
	EndGlobalSection
EndGlobal
