
Microsoft Visual Studio Solution File, Format Version 12.00
Project("{2150E333-8FDC-42A3-9474-1A3956D46DE8}") = "Examples", "Examples", "{8F0457B3-E205-44CF-AFAA-5EB8B8967399}"
EndProject
Project("{FAE04EC0-301F-11D3-BF4B-00C04F79EFBC}") = "HelloNsg", "HelloNsg\HelloNsg.csproj", "{56046B5B-D92E-40D6-8FBF-AA2524B51271}"
EndProject
Project("{FAE04EC0-301F-11D3-BF4B-00C04F79EFBC}") = "Veldrid.SceneGraph", "Veldrid.SceneGraph\Veldrid.SceneGraph.csproj", "{A088AD02-92C8-48CA-877C-EF2A749CB6FD}"
EndProject
Project("{FAE04EC0-301F-11D3-BF4B-00C04F79EFBC}") = "ColoredCube", "ColoredCube\ColoredCube.csproj", "{21BD4287-DDCB-446C-9DB7-975F31999586}"
EndProject
Project("{FAE04EC0-301F-11D3-BF4B-00C04F79EFBC}") = "Veldrid.SceneGraph.Tests", "Veldrid.SceneGraph.Tests\Veldrid.SceneGraph.Tests.csproj", "{75B098F2-A5EE-462E-BC74-036CECEFF4E3}"
EndProject
Project("{FAE04EC0-301F-11D3-BF4B-00C04F79EFBC}") = "CullingColoredCubes", "CullingColoredCubes\CullingColoredCubes.csproj", "{62B49CBC-4E53-4D91-9265-C4E419FFA3AD}"
EndProject
Project("{FAE04EC0-301F-11D3-BF4B-00C04F79EFBC}") = "TexturedCube", "TexturedCube\TexturedCube.csproj", "{963F3476-01E9-43BC-9DBE-16F2872A4CA0}"
EndProject
Project("{FAE04EC0-301F-11D3-BF4B-00C04F79EFBC}") = "MultiTexturedCube", "MultiTexturedCube\MultiTexturedCube.csproj", "{A993EC7B-9E76-4B42-A5B0-750BD59B3886}"
EndProject
Project("{FAE04EC0-301F-11D3-BF4B-00C04F79EFBC}") = "TextRendering", "TextRendering\TextRendering.csproj", "{1DB66B47-7B25-4BB0-8338-B2CCA4EA0A1E}"
EndProject
Project("{FAE04EC0-301F-11D3-BF4B-00C04F79EFBC}") = "TransparencySorting", "TransparencySorting\TransparencySorting.csproj", "{4F9DE61E-B88A-4BBB-BE5F-362E65DAC5A9}"
EndProject
Project("{FAE04EC0-301F-11D3-BF4B-00C04F79EFBC}") = "MixedOpaqueTransparentGeometry", "MixedOpaqueTransparentGeometry\MixedOpaqueTransparentGeometry.csproj", "{BC8EF9BA-D87C-45B3-A951-FBA425002A8A}"
EndProject
Project("{FAE04EC0-301F-11D3-BF4B-00C04F79EFBC}") = "BillboardExample", "BillboardExample\BillboardExample.csproj", "{32790580-8004-480C-96B1-D812FB94EF8F}"
EndProject
Project("{FAE04EC0-301F-11D3-BF4B-00C04F79EFBC}") = "Examples.Common", "Examples.Common\Examples.Common.csproj", "{13CE9AB3-8DCB-4087-A71F-EEC0F7AF272A}"
EndProject
Project("{FAE04EC0-301F-11D3-BF4B-00C04F79EFBC}") = "SwitchExample", "SwitchExample\SwitchExample.csproj", "{20EBC3E1-3681-4622-8CB5-0E97EAA6671B}"
EndProject
Project("{FAE04EC0-301F-11D3-BF4B-00C04F79EFBC}") = "UpdateVisitor", "UpdateVisitor\UpdateVisitor.csproj", "{973A9B8F-7D00-4232-B3FF-269D44C8FE88}"
EndProject
Project("{FAE04EC0-301F-11D3-BF4B-00C04F79EFBC}") = "WpfDemo", "WpfDemo\WpfDemo.csproj", "{4F5FD3DC-8565-4B6F-8117-D81032E2D4F2}"
EndProject
Project("{FAE04EC0-301F-11D3-BF4B-00C04F79EFBC}") = "Veldrid.SceneGraph.Wpf", "Veldrid.SceneGraph.Wpf\Veldrid.SceneGraph.Wpf.csproj", "{120C5546-E5AA-41DD-87FF-F399E04F3554}"
EndProject
Project("{FAE04EC0-301F-11D3-BF4B-00C04F79EFBC}") = "Lighting", "Lighting\Lighting.csproj", "{820CD6A2-3A0B-4CBB-B50A-FE77CAAF3A2A}"
EndProject
Project("{FAE04EC0-301F-11D3-BF4B-00C04F79EFBC}") = "Veldrid.SceneGraph.IO", "Veldrid.SceneGraph.IO\Veldrid.SceneGraph.IO.csproj", "{0F059EB5-34AB-4D2A-A2A0-C895A75BC66D}"
EndProject
Project("{FAE04EC0-301F-11D3-BF4B-00C04F79EFBC}") = "PathExample", "PathExample\PathExample.csproj", "{BEF8E921-0D00-46EC-922D-4EB80819DD81}"
EndProject
Project("{2150E333-8FDC-42A3-9474-1A3956D46DE8}") = "Examples.Wpf", "Examples.Wpf", "{DC57928D-5F5D-4E9B-B1A9-31E900516D0D}"
EndProject
Project("{FAE04EC0-301F-11D3-BF4B-00C04F79EFBC}") = "Lighting.Wpf", "Lighting.Wpf\Lighting.Wpf.csproj", "{14C9C287-5401-413D-8057-609E90F635F3}"
EndProject
Project("{FAE04EC0-301F-11D3-BF4B-00C04F79EFBC}") = "Examples.Common.Wpf", "Examples.Common.Wpf\Examples.Common.Wpf.csproj", "{1061C537-1FFB-4EAD-A74D-5CE752A38011}"
EndProject
Project("{FAE04EC0-301F-11D3-BF4B-00C04F79EFBC}") = "PathExample.Wpf", "PathExample.Wpf\PathExample.Wpf.csproj", "{5C045794-6002-4167-B3F5-A9A64D42E064}"
EndProject
Project("{FAE04EC0-301F-11D3-BF4B-00C04F79EFBC}") = "ConstLineWidthExample.cs", "ConstLineWidthExample.cs\ConstLineWidthExample.cs.csproj", "{58BC7E3F-8224-45DA-8361-4F663F987A0F}"
EndProject
Project("{FAE04EC0-301F-11D3-BF4B-00C04F79EFBC}") = "MultiControlExample.Wpf", "MultiControlExample.Wpf\MultiControlExample.Wpf.csproj", "{781B9F50-8E1F-48E3-A2B5-5B256736D944}"
EndProject
Project("{FAE04EC0-301F-11D3-BF4B-00C04F79EFBC}") = "ExampleViewer", "ExampleViewer\ExampleViewer.csproj", "{CFB7B3F2-A279-4204-810A-4DB1BD8E9535}"
EndProject
Project("{FAE04EC0-301F-11D3-BF4B-00C04F79EFBC}") = "Gnomon", "Gnomon\Gnomon.csproj", "{C1B85129-B105-467E-8F5F-F11BFA510C18}"
EndProject
Project("{FAE04EC0-301F-11D3-BF4B-00C04F79EFBC}") = "LargeSphereCount.Wpf", "LargeSphereCount.Wpf\LargeSphereCount.Wpf.csproj", "{BD5E2EC9-8124-4071-8D3D-48798899BBB7}"
EndProject
Project("{FAE04EC0-301F-11D3-BF4B-00C04F79EFBC}") = "LargeSphereCount", "LargeSphereCount\LargeSphereCount.csproj", "{C9BCEDB7-28AA-45D9-9BC4-176AD77E4DAD}"
EndProject
Project("{FAE04EC0-301F-11D3-BF4B-00C04F79EFBC}") = "UpdatingInstances", "UpdatingInstances\UpdatingInstances.csproj", "{F33A9EEE-49C2-479B-B031-731271144AF5}"
EndProject
Project("{FAE04EC0-301F-11D3-BF4B-00C04F79EFBC}") = "DirectVolumeRendering.Wpf", "DirectVolumeRendering.Wpf\DirectVolumeRendering.Wpf.csproj", "{11ACA31A-5D31-41CA-907E-5E4EE61350C6}"
EndProject
Project("{FAE04EC0-301F-11D3-BF4B-00C04F79EFBC}") = "DirectVolumeRendering", "DirectVolumeRendering\DirectVolumeRendering.csproj", "{31968E36-F2A0-4380-8D94-3EFA903CCA30}"
EndProject
Project("{FAE04EC0-301F-11D3-BF4B-00C04F79EFBC}") = "Veldrid.SceneGraph.Manipulators", "Veldrid.SceneGraph.Manipulators\Veldrid.SceneGraph.Manipulators.csproj", "{BD74733F-2C09-4F21-935B-4401C3321B0A}"
EndProject
Project("{FAE04EC0-301F-11D3-BF4B-00C04F79EFBC}") = "DraggersExample", "DraggersExample\DraggersExample.csproj", "{66319814-B31B-48D4-8C69-4E3739502DDC}"
EndProject
Project("{FAE04EC0-301F-11D3-BF4B-00C04F79EFBC}") = "Veldrid.SceneGraph.Manipulators.Tests", "Veldrid.SceneGraph.Manipulators.Tests\Veldrid.SceneGraph.Manipulators.Tests.csproj", "{4B098695-9C52-4E13-806C-7F2B23457086}"
EndProject
Project("{FAE04EC0-301F-11D3-BF4B-00C04F79EFBC}") = "MixedOpaqueTransparentGeometry.Wpf", "MixedOpaqueTransparentGeometry.Wpf\MixedOpaqueTransparentGeometry.Wpf.csproj", "{09053789-8BC3-423D-97FE-8149E5A34CB3}"
EndProject
Project("{FAE04EC0-301F-11D3-BF4B-00C04F79EFBC}") = "TexturedSlice3D", "TexturedSlice3D\TexturedSlice3D.csproj", "{DF08A423-0EB2-43AB-9BB3-5595801B68DE}"
EndProject
Project("{FAE04EC0-301F-11D3-BF4B-00C04F79EFBC}") = "DirectVolRen3DTexture", "DirectVolRen3DTexture\DirectVolRen3DTexture.csproj", "{C82C90FC-D97B-4482-849F-951B521AF732}"
EndProject
Global
	GlobalSection(SolutionConfigurationPlatforms) = preSolution
		Debug|Any CPU = Debug|Any CPU
		Release|Any CPU = Release|Any CPU
	EndGlobalSection
	GlobalSection(ProjectConfigurationPlatforms) = postSolution
		{56046B5B-D92E-40D6-8FBF-AA2524B51271}.Debug|Any CPU.ActiveCfg = Debug|Any CPU
		{56046B5B-D92E-40D6-8FBF-AA2524B51271}.Debug|Any CPU.Build.0 = Debug|Any CPU
		{56046B5B-D92E-40D6-8FBF-AA2524B51271}.Release|Any CPU.ActiveCfg = Release|Any CPU
		{56046B5B-D92E-40D6-8FBF-AA2524B51271}.Release|Any CPU.Build.0 = Release|Any CPU
		{A088AD02-92C8-48CA-877C-EF2A749CB6FD}.Debug|Any CPU.ActiveCfg = Debug|Any CPU
		{A088AD02-92C8-48CA-877C-EF2A749CB6FD}.Debug|Any CPU.Build.0 = Debug|Any CPU
		{A088AD02-92C8-48CA-877C-EF2A749CB6FD}.Release|Any CPU.ActiveCfg = Release|Any CPU
		{A088AD02-92C8-48CA-877C-EF2A749CB6FD}.Release|Any CPU.Build.0 = Release|Any CPU
		{21BD4287-DDCB-446C-9DB7-975F31999586}.Debug|Any CPU.ActiveCfg = Debug|Any CPU
		{21BD4287-DDCB-446C-9DB7-975F31999586}.Debug|Any CPU.Build.0 = Debug|Any CPU
		{21BD4287-DDCB-446C-9DB7-975F31999586}.Release|Any CPU.ActiveCfg = Release|Any CPU
		{21BD4287-DDCB-446C-9DB7-975F31999586}.Release|Any CPU.Build.0 = Release|Any CPU
		{75B098F2-A5EE-462E-BC74-036CECEFF4E3}.Debug|Any CPU.ActiveCfg = Debug|Any CPU
		{75B098F2-A5EE-462E-BC74-036CECEFF4E3}.Debug|Any CPU.Build.0 = Debug|Any CPU
		{75B098F2-A5EE-462E-BC74-036CECEFF4E3}.Release|Any CPU.ActiveCfg = Release|Any CPU
		{75B098F2-A5EE-462E-BC74-036CECEFF4E3}.Release|Any CPU.Build.0 = Release|Any CPU
		{62B49CBC-4E53-4D91-9265-C4E419FFA3AD}.Debug|Any CPU.ActiveCfg = Debug|Any CPU
		{62B49CBC-4E53-4D91-9265-C4E419FFA3AD}.Debug|Any CPU.Build.0 = Debug|Any CPU
		{62B49CBC-4E53-4D91-9265-C4E419FFA3AD}.Release|Any CPU.ActiveCfg = Release|Any CPU
		{62B49CBC-4E53-4D91-9265-C4E419FFA3AD}.Release|Any CPU.Build.0 = Release|Any CPU
		{963F3476-01E9-43BC-9DBE-16F2872A4CA0}.Debug|Any CPU.ActiveCfg = Debug|Any CPU
		{963F3476-01E9-43BC-9DBE-16F2872A4CA0}.Debug|Any CPU.Build.0 = Debug|Any CPU
		{963F3476-01E9-43BC-9DBE-16F2872A4CA0}.Release|Any CPU.ActiveCfg = Release|Any CPU
		{963F3476-01E9-43BC-9DBE-16F2872A4CA0}.Release|Any CPU.Build.0 = Release|Any CPU
		{A993EC7B-9E76-4B42-A5B0-750BD59B3886}.Debug|Any CPU.ActiveCfg = Debug|Any CPU
		{A993EC7B-9E76-4B42-A5B0-750BD59B3886}.Debug|Any CPU.Build.0 = Debug|Any CPU
		{A993EC7B-9E76-4B42-A5B0-750BD59B3886}.Release|Any CPU.ActiveCfg = Release|Any CPU
		{A993EC7B-9E76-4B42-A5B0-750BD59B3886}.Release|Any CPU.Build.0 = Release|Any CPU
		{1DB66B47-7B25-4BB0-8338-B2CCA4EA0A1E}.Debug|Any CPU.ActiveCfg = Debug|Any CPU
		{1DB66B47-7B25-4BB0-8338-B2CCA4EA0A1E}.Debug|Any CPU.Build.0 = Debug|Any CPU
		{1DB66B47-7B25-4BB0-8338-B2CCA4EA0A1E}.Release|Any CPU.ActiveCfg = Release|Any CPU
		{1DB66B47-7B25-4BB0-8338-B2CCA4EA0A1E}.Release|Any CPU.Build.0 = Release|Any CPU
		{4F9DE61E-B88A-4BBB-BE5F-362E65DAC5A9}.Debug|Any CPU.ActiveCfg = Debug|Any CPU
		{4F9DE61E-B88A-4BBB-BE5F-362E65DAC5A9}.Debug|Any CPU.Build.0 = Debug|Any CPU
		{4F9DE61E-B88A-4BBB-BE5F-362E65DAC5A9}.Release|Any CPU.ActiveCfg = Release|Any CPU
		{4F9DE61E-B88A-4BBB-BE5F-362E65DAC5A9}.Release|Any CPU.Build.0 = Release|Any CPU
		{BC8EF9BA-D87C-45B3-A951-FBA425002A8A}.Debug|Any CPU.ActiveCfg = Debug|Any CPU
		{BC8EF9BA-D87C-45B3-A951-FBA425002A8A}.Debug|Any CPU.Build.0 = Debug|Any CPU
		{BC8EF9BA-D87C-45B3-A951-FBA425002A8A}.Release|Any CPU.ActiveCfg = Release|Any CPU
		{BC8EF9BA-D87C-45B3-A951-FBA425002A8A}.Release|Any CPU.Build.0 = Release|Any CPU
		{32790580-8004-480C-96B1-D812FB94EF8F}.Debug|Any CPU.ActiveCfg = Debug|Any CPU
		{32790580-8004-480C-96B1-D812FB94EF8F}.Debug|Any CPU.Build.0 = Debug|Any CPU
		{32790580-8004-480C-96B1-D812FB94EF8F}.Release|Any CPU.ActiveCfg = Release|Any CPU
		{32790580-8004-480C-96B1-D812FB94EF8F}.Release|Any CPU.Build.0 = Release|Any CPU
		{13CE9AB3-8DCB-4087-A71F-EEC0F7AF272A}.Debug|Any CPU.ActiveCfg = Debug|Any CPU
		{13CE9AB3-8DCB-4087-A71F-EEC0F7AF272A}.Debug|Any CPU.Build.0 = Debug|Any CPU
		{13CE9AB3-8DCB-4087-A71F-EEC0F7AF272A}.Release|Any CPU.ActiveCfg = Release|Any CPU
		{13CE9AB3-8DCB-4087-A71F-EEC0F7AF272A}.Release|Any CPU.Build.0 = Release|Any CPU
		{20EBC3E1-3681-4622-8CB5-0E97EAA6671B}.Debug|Any CPU.ActiveCfg = Debug|Any CPU
		{20EBC3E1-3681-4622-8CB5-0E97EAA6671B}.Debug|Any CPU.Build.0 = Debug|Any CPU
		{20EBC3E1-3681-4622-8CB5-0E97EAA6671B}.Release|Any CPU.ActiveCfg = Release|Any CPU
		{20EBC3E1-3681-4622-8CB5-0E97EAA6671B}.Release|Any CPU.Build.0 = Release|Any CPU
		{973A9B8F-7D00-4232-B3FF-269D44C8FE88}.Debug|Any CPU.ActiveCfg = Debug|Any CPU
		{973A9B8F-7D00-4232-B3FF-269D44C8FE88}.Debug|Any CPU.Build.0 = Debug|Any CPU
		{973A9B8F-7D00-4232-B3FF-269D44C8FE88}.Release|Any CPU.ActiveCfg = Release|Any CPU
		{973A9B8F-7D00-4232-B3FF-269D44C8FE88}.Release|Any CPU.Build.0 = Release|Any CPU
		{4F5FD3DC-8565-4B6F-8117-D81032E2D4F2}.Debug|Any CPU.ActiveCfg = Debug|Any CPU
		{4F5FD3DC-8565-4B6F-8117-D81032E2D4F2}.Debug|Any CPU.Build.0 = Debug|Any CPU
		{4F5FD3DC-8565-4B6F-8117-D81032E2D4F2}.Release|Any CPU.ActiveCfg = Release|Any CPU
		{4F5FD3DC-8565-4B6F-8117-D81032E2D4F2}.Release|Any CPU.Build.0 = Release|Any CPU
		{120C5546-E5AA-41DD-87FF-F399E04F3554}.Debug|Any CPU.ActiveCfg = Debug|Any CPU
		{120C5546-E5AA-41DD-87FF-F399E04F3554}.Debug|Any CPU.Build.0 = Debug|Any CPU
		{120C5546-E5AA-41DD-87FF-F399E04F3554}.Release|Any CPU.ActiveCfg = Release|Any CPU
		{120C5546-E5AA-41DD-87FF-F399E04F3554}.Release|Any CPU.Build.0 = Release|Any CPU
		{820CD6A2-3A0B-4CBB-B50A-FE77CAAF3A2A}.Debug|Any CPU.ActiveCfg = Debug|Any CPU
		{820CD6A2-3A0B-4CBB-B50A-FE77CAAF3A2A}.Debug|Any CPU.Build.0 = Debug|Any CPU
		{820CD6A2-3A0B-4CBB-B50A-FE77CAAF3A2A}.Release|Any CPU.ActiveCfg = Release|Any CPU
		{820CD6A2-3A0B-4CBB-B50A-FE77CAAF3A2A}.Release|Any CPU.Build.0 = Release|Any CPU
		{0F059EB5-34AB-4D2A-A2A0-C895A75BC66D}.Debug|Any CPU.ActiveCfg = Debug|Any CPU
		{0F059EB5-34AB-4D2A-A2A0-C895A75BC66D}.Debug|Any CPU.Build.0 = Debug|Any CPU
		{0F059EB5-34AB-4D2A-A2A0-C895A75BC66D}.Release|Any CPU.ActiveCfg = Release|Any CPU
		{0F059EB5-34AB-4D2A-A2A0-C895A75BC66D}.Release|Any CPU.Build.0 = Release|Any CPU
		{BEF8E921-0D00-46EC-922D-4EB80819DD81}.Debug|Any CPU.ActiveCfg = Debug|Any CPU
		{BEF8E921-0D00-46EC-922D-4EB80819DD81}.Debug|Any CPU.Build.0 = Debug|Any CPU
		{BEF8E921-0D00-46EC-922D-4EB80819DD81}.Release|Any CPU.ActiveCfg = Release|Any CPU
		{BEF8E921-0D00-46EC-922D-4EB80819DD81}.Release|Any CPU.Build.0 = Release|Any CPU
		{14C9C287-5401-413D-8057-609E90F635F3}.Debug|Any CPU.ActiveCfg = Debug|Any CPU
		{14C9C287-5401-413D-8057-609E90F635F3}.Debug|Any CPU.Build.0 = Debug|Any CPU
		{14C9C287-5401-413D-8057-609E90F635F3}.Release|Any CPU.ActiveCfg = Release|Any CPU
		{14C9C287-5401-413D-8057-609E90F635F3}.Release|Any CPU.Build.0 = Release|Any CPU
		{1061C537-1FFB-4EAD-A74D-5CE752A38011}.Debug|Any CPU.ActiveCfg = Debug|Any CPU
		{1061C537-1FFB-4EAD-A74D-5CE752A38011}.Debug|Any CPU.Build.0 = Debug|Any CPU
		{1061C537-1FFB-4EAD-A74D-5CE752A38011}.Release|Any CPU.ActiveCfg = Release|Any CPU
		{1061C537-1FFB-4EAD-A74D-5CE752A38011}.Release|Any CPU.Build.0 = Release|Any CPU
		{5C045794-6002-4167-B3F5-A9A64D42E064}.Debug|Any CPU.ActiveCfg = Debug|Any CPU
		{5C045794-6002-4167-B3F5-A9A64D42E064}.Debug|Any CPU.Build.0 = Debug|Any CPU
		{5C045794-6002-4167-B3F5-A9A64D42E064}.Release|Any CPU.ActiveCfg = Release|Any CPU
		{5C045794-6002-4167-B3F5-A9A64D42E064}.Release|Any CPU.Build.0 = Release|Any CPU
		{58BC7E3F-8224-45DA-8361-4F663F987A0F}.Debug|Any CPU.ActiveCfg = Debug|Any CPU
		{58BC7E3F-8224-45DA-8361-4F663F987A0F}.Debug|Any CPU.Build.0 = Debug|Any CPU
		{58BC7E3F-8224-45DA-8361-4F663F987A0F}.Release|Any CPU.ActiveCfg = Release|Any CPU
		{58BC7E3F-8224-45DA-8361-4F663F987A0F}.Release|Any CPU.Build.0 = Release|Any CPU
		{781B9F50-8E1F-48E3-A2B5-5B256736D944}.Debug|Any CPU.ActiveCfg = Debug|Any CPU
		{781B9F50-8E1F-48E3-A2B5-5B256736D944}.Debug|Any CPU.Build.0 = Debug|Any CPU
		{781B9F50-8E1F-48E3-A2B5-5B256736D944}.Release|Any CPU.ActiveCfg = Release|Any CPU
		{781B9F50-8E1F-48E3-A2B5-5B256736D944}.Release|Any CPU.Build.0 = Release|Any CPU
		{CFB7B3F2-A279-4204-810A-4DB1BD8E9535}.Debug|Any CPU.ActiveCfg = Debug|Any CPU
		{CFB7B3F2-A279-4204-810A-4DB1BD8E9535}.Debug|Any CPU.Build.0 = Debug|Any CPU
		{CFB7B3F2-A279-4204-810A-4DB1BD8E9535}.Release|Any CPU.ActiveCfg = Release|Any CPU
		{CFB7B3F2-A279-4204-810A-4DB1BD8E9535}.Release|Any CPU.Build.0 = Release|Any CPU
		{C1B85129-B105-467E-8F5F-F11BFA510C18}.Debug|Any CPU.ActiveCfg = Debug|Any CPU
		{C1B85129-B105-467E-8F5F-F11BFA510C18}.Debug|Any CPU.Build.0 = Debug|Any CPU
		{C1B85129-B105-467E-8F5F-F11BFA510C18}.Release|Any CPU.ActiveCfg = Release|Any CPU
		{C1B85129-B105-467E-8F5F-F11BFA510C18}.Release|Any CPU.Build.0 = Release|Any CPU
		{BD5E2EC9-8124-4071-8D3D-48798899BBB7}.Debug|Any CPU.ActiveCfg = Debug|Any CPU
		{BD5E2EC9-8124-4071-8D3D-48798899BBB7}.Debug|Any CPU.Build.0 = Debug|Any CPU
		{BD5E2EC9-8124-4071-8D3D-48798899BBB7}.Release|Any CPU.ActiveCfg = Release|Any CPU
		{BD5E2EC9-8124-4071-8D3D-48798899BBB7}.Release|Any CPU.Build.0 = Release|Any CPU
		{C9BCEDB7-28AA-45D9-9BC4-176AD77E4DAD}.Debug|Any CPU.ActiveCfg = Debug|Any CPU
		{C9BCEDB7-28AA-45D9-9BC4-176AD77E4DAD}.Debug|Any CPU.Build.0 = Debug|Any CPU
		{C9BCEDB7-28AA-45D9-9BC4-176AD77E4DAD}.Release|Any CPU.ActiveCfg = Release|Any CPU
		{C9BCEDB7-28AA-45D9-9BC4-176AD77E4DAD}.Release|Any CPU.Build.0 = Release|Any CPU
		{F33A9EEE-49C2-479B-B031-731271144AF5}.Debug|Any CPU.ActiveCfg = Debug|Any CPU
		{F33A9EEE-49C2-479B-B031-731271144AF5}.Debug|Any CPU.Build.0 = Debug|Any CPU
		{F33A9EEE-49C2-479B-B031-731271144AF5}.Release|Any CPU.ActiveCfg = Release|Any CPU
		{F33A9EEE-49C2-479B-B031-731271144AF5}.Release|Any CPU.Build.0 = Release|Any CPU
		{11ACA31A-5D31-41CA-907E-5E4EE61350C6}.Debug|Any CPU.ActiveCfg = Debug|Any CPU
		{11ACA31A-5D31-41CA-907E-5E4EE61350C6}.Debug|Any CPU.Build.0 = Debug|Any CPU
		{11ACA31A-5D31-41CA-907E-5E4EE61350C6}.Release|Any CPU.ActiveCfg = Release|Any CPU
		{11ACA31A-5D31-41CA-907E-5E4EE61350C6}.Release|Any CPU.Build.0 = Release|Any CPU
		{31968E36-F2A0-4380-8D94-3EFA903CCA30}.Debug|Any CPU.ActiveCfg = Debug|Any CPU
		{31968E36-F2A0-4380-8D94-3EFA903CCA30}.Debug|Any CPU.Build.0 = Debug|Any CPU
		{31968E36-F2A0-4380-8D94-3EFA903CCA30}.Release|Any CPU.ActiveCfg = Release|Any CPU
		{31968E36-F2A0-4380-8D94-3EFA903CCA30}.Release|Any CPU.Build.0 = Release|Any CPU
		{BD74733F-2C09-4F21-935B-4401C3321B0A}.Debug|Any CPU.ActiveCfg = Debug|Any CPU
		{BD74733F-2C09-4F21-935B-4401C3321B0A}.Debug|Any CPU.Build.0 = Debug|Any CPU
		{BD74733F-2C09-4F21-935B-4401C3321B0A}.Release|Any CPU.ActiveCfg = Release|Any CPU
		{BD74733F-2C09-4F21-935B-4401C3321B0A}.Release|Any CPU.Build.0 = Release|Any CPU
		{66319814-B31B-48D4-8C69-4E3739502DDC}.Debug|Any CPU.ActiveCfg = Debug|Any CPU
		{66319814-B31B-48D4-8C69-4E3739502DDC}.Debug|Any CPU.Build.0 = Debug|Any CPU
		{66319814-B31B-48D4-8C69-4E3739502DDC}.Release|Any CPU.ActiveCfg = Release|Any CPU
		{66319814-B31B-48D4-8C69-4E3739502DDC}.Release|Any CPU.Build.0 = Release|Any CPU
		{4B098695-9C52-4E13-806C-7F2B23457086}.Debug|Any CPU.ActiveCfg = Debug|Any CPU
		{4B098695-9C52-4E13-806C-7F2B23457086}.Debug|Any CPU.Build.0 = Debug|Any CPU
		{4B098695-9C52-4E13-806C-7F2B23457086}.Release|Any CPU.ActiveCfg = Release|Any CPU
		{4B098695-9C52-4E13-806C-7F2B23457086}.Release|Any CPU.Build.0 = Release|Any CPU
		{09053789-8BC3-423D-97FE-8149E5A34CB3}.Debug|Any CPU.ActiveCfg = Debug|Any CPU
		{09053789-8BC3-423D-97FE-8149E5A34CB3}.Debug|Any CPU.Build.0 = Debug|Any CPU
		{09053789-8BC3-423D-97FE-8149E5A34CB3}.Release|Any CPU.ActiveCfg = Release|Any CPU
		{09053789-8BC3-423D-97FE-8149E5A34CB3}.Release|Any CPU.Build.0 = Release|Any CPU
		{DF08A423-0EB2-43AB-9BB3-5595801B68DE}.Debug|Any CPU.ActiveCfg = Debug|Any CPU
		{DF08A423-0EB2-43AB-9BB3-5595801B68DE}.Debug|Any CPU.Build.0 = Debug|Any CPU
		{DF08A423-0EB2-43AB-9BB3-5595801B68DE}.Release|Any CPU.ActiveCfg = Release|Any CPU
		{DF08A423-0EB2-43AB-9BB3-5595801B68DE}.Release|Any CPU.Build.0 = Release|Any CPU
		{C82C90FC-D97B-4482-849F-951B521AF732}.Debug|Any CPU.ActiveCfg = Debug|Any CPU
		{C82C90FC-D97B-4482-849F-951B521AF732}.Debug|Any CPU.Build.0 = Debug|Any CPU
		{C82C90FC-D97B-4482-849F-951B521AF732}.Release|Any CPU.ActiveCfg = Release|Any CPU
		{C82C90FC-D97B-4482-849F-951B521AF732}.Release|Any CPU.Build.0 = Release|Any CPU
	EndGlobalSection
	GlobalSection(NestedProjects) = preSolution
		{56046B5B-D92E-40D6-8FBF-AA2524B51271} = {8F0457B3-E205-44CF-AFAA-5EB8B8967399}
		{21BD4287-DDCB-446C-9DB7-975F31999586} = {8F0457B3-E205-44CF-AFAA-5EB8B8967399}
		{62B49CBC-4E53-4D91-9265-C4E419FFA3AD} = {8F0457B3-E205-44CF-AFAA-5EB8B8967399}
		{963F3476-01E9-43BC-9DBE-16F2872A4CA0} = {8F0457B3-E205-44CF-AFAA-5EB8B8967399}
		{A993EC7B-9E76-4B42-A5B0-750BD59B3886} = {8F0457B3-E205-44CF-AFAA-5EB8B8967399}
		{1DB66B47-7B25-4BB0-8338-B2CCA4EA0A1E} = {8F0457B3-E205-44CF-AFAA-5EB8B8967399}
		{4F9DE61E-B88A-4BBB-BE5F-362E65DAC5A9} = {8F0457B3-E205-44CF-AFAA-5EB8B8967399}
		{BC8EF9BA-D87C-45B3-A951-FBA425002A8A} = {8F0457B3-E205-44CF-AFAA-5EB8B8967399}
		{32790580-8004-480C-96B1-D812FB94EF8F} = {8F0457B3-E205-44CF-AFAA-5EB8B8967399}
		{13CE9AB3-8DCB-4087-A71F-EEC0F7AF272A} = {8F0457B3-E205-44CF-AFAA-5EB8B8967399}
		{20EBC3E1-3681-4622-8CB5-0E97EAA6671B} = {8F0457B3-E205-44CF-AFAA-5EB8B8967399}
		{973A9B8F-7D00-4232-B3FF-269D44C8FE88} = {8F0457B3-E205-44CF-AFAA-5EB8B8967399}
		{820CD6A2-3A0B-4CBB-B50A-FE77CAAF3A2A} = {8F0457B3-E205-44CF-AFAA-5EB8B8967399}
		{BEF8E921-0D00-46EC-922D-4EB80819DD81} = {8F0457B3-E205-44CF-AFAA-5EB8B8967399}
		{4F5FD3DC-8565-4B6F-8117-D81032E2D4F2} = {DC57928D-5F5D-4E9B-B1A9-31E900516D0D}
		{14C9C287-5401-413D-8057-609E90F635F3} = {DC57928D-5F5D-4E9B-B1A9-31E900516D0D}
		{1061C537-1FFB-4EAD-A74D-5CE752A38011} = {DC57928D-5F5D-4E9B-B1A9-31E900516D0D}
		{5C045794-6002-4167-B3F5-A9A64D42E064} = {DC57928D-5F5D-4E9B-B1A9-31E900516D0D}
		{58BC7E3F-8224-45DA-8361-4F663F987A0F} = {8F0457B3-E205-44CF-AFAA-5EB8B8967399}
		{781B9F50-8E1F-48E3-A2B5-5B256736D944} = {DC57928D-5F5D-4E9B-B1A9-31E900516D0D}
		{CFB7B3F2-A279-4204-810A-4DB1BD8E9535} = {8F0457B3-E205-44CF-AFAA-5EB8B8967399}
		{C1B85129-B105-467E-8F5F-F11BFA510C18} = {DC57928D-5F5D-4E9B-B1A9-31E900516D0D}
		{BD5E2EC9-8124-4071-8D3D-48798899BBB7} = {DC57928D-5F5D-4E9B-B1A9-31E900516D0D}
		{C9BCEDB7-28AA-45D9-9BC4-176AD77E4DAD} = {8F0457B3-E205-44CF-AFAA-5EB8B8967399}
		{F33A9EEE-49C2-479B-B031-731271144AF5} = {8F0457B3-E205-44CF-AFAA-5EB8B8967399}
		{11ACA31A-5D31-41CA-907E-5E4EE61350C6} = {DC57928D-5F5D-4E9B-B1A9-31E900516D0D}
		{31968E36-F2A0-4380-8D94-3EFA903CCA30} = {8F0457B3-E205-44CF-AFAA-5EB8B8967399}
		{66319814-B31B-48D4-8C69-4E3739502DDC} = {8F0457B3-E205-44CF-AFAA-5EB8B8967399}
		{09053789-8BC3-423D-97FE-8149E5A34CB3} = {DC57928D-5F5D-4E9B-B1A9-31E900516D0D}
		{DF08A423-0EB2-43AB-9BB3-5595801B68DE} = {8F0457B3-E205-44CF-AFAA-5EB8B8967399}
		{C82C90FC-D97B-4482-849F-951B521AF732} = {8F0457B3-E205-44CF-AFAA-5EB8B8967399}
	EndGlobalSection
EndGlobal
