
Microsoft Visual Studio Solution File, Format Version 12.00
Project("{2150E333-8FDC-42A3-9474-1A3956D46DE8}") = "Examples", "Examples", "{8F0457B3-E205-44CF-AFAA-5EB8B8967399}"
EndProject
Project("{FAE04EC0-301F-11D3-BF4B-00C04F79EFBC}") = "HelloNsg", "HelloNsg\HelloNsg.csproj", "{56046B5B-D92E-40D6-8FBF-AA2524B51271}"
EndProject
Project("{FAE04EC0-301F-11D3-BF4B-00C04F79EFBC}") = "Veldrid.SceneGraph", "Veldrid.SceneGraph\Veldrid.SceneGraph.csproj", "{A088AD02-92C8-48CA-877C-EF2A749CB6FD}"
EndProject
Project("{FAE04EC0-301F-11D3-BF4B-00C04F79EFBC}") = "ColoredCube", "ColoredCube\ColoredCube.csproj", "{21BD4287-DDCB-446C-9DB7-975F31999586}"
EndProject
Project("{FAE04EC0-301F-11D3-BF4B-00C04F79EFBC}") = "Veldrid.SceneGraph.Tests", "Veldrid.SceneGraph.Tests\Veldrid.SceneGraph.Tests.csproj", "{75B098F2-A5EE-462E-BC74-036CECEFF4E3}"
EndProject
Project("{FAE04EC0-301F-11D3-BF4B-00C04F79EFBC}") = "CullingColoredCubes", "CullingColoredCubes\CullingColoredCubes.csproj", "{62B49CBC-4E53-4D91-9265-C4E419FFA3AD}"
EndProject
Project("{FAE04EC0-301F-11D3-BF4B-00C04F79EFBC}") = "TexturedCube", "TexturedCube\TexturedCube.csproj", "{963F3476-01E9-43BC-9DBE-16F2872A4CA0}"
EndProject
Project("{FAE04EC0-301F-11D3-BF4B-00C04F79EFBC}") = "AssetPrimitives", "AssetPrimitives\AssetPrimitives.csproj", "{6157C861-03F1-4807-AA16-276EA2A4582B}"
EndProject
Project("{FAE04EC0-301F-11D3-BF4B-00C04F79EFBC}") = "AssetProcessor", "AssetProcessor\AssetProcessor.csproj", "{87481724-1EC8-4908-B812-061F1E5ED3D5}"
EndProject
Project("{FAE04EC0-301F-11D3-BF4B-00C04F79EFBC}") = "MultiTexturedCube", "MultiTexturedCube\MultiTexturedCube.csproj", "{A993EC7B-9E76-4B42-A5B0-750BD59B3886}"
EndProject
Project("{FAE04EC0-301F-11D3-BF4B-00C04F79EFBC}") = "TextRendering", "TextRendering\TextRendering.csproj", "{1DB66B47-7B25-4BB0-8338-B2CCA4EA0A1E}"
EndProject
Project("{FAE04EC0-301F-11D3-BF4B-00C04F79EFBC}") = "TransparencySorting", "TransparencySorting\TransparencySorting.csproj", "{4F9DE61E-B88A-4BBB-BE5F-362E65DAC5A9}"
EndProject
Global
	GlobalSection(SolutionConfigurationPlatforms) = preSolution
		Debug|Any CPU = Debug|Any CPU
		Release|Any CPU = Release|Any CPU
	EndGlobalSection
	GlobalSection(ProjectConfigurationPlatforms) = postSolution
		{56046B5B-D92E-40D6-8FBF-AA2524B51271}.Debug|Any CPU.ActiveCfg = Debug|Any CPU
		{56046B5B-D92E-40D6-8FBF-AA2524B51271}.Debug|Any CPU.Build.0 = Debug|Any CPU
		{56046B5B-D92E-40D6-8FBF-AA2524B51271}.Release|Any CPU.ActiveCfg = Release|Any CPU
		{56046B5B-D92E-40D6-8FBF-AA2524B51271}.Release|Any CPU.Build.0 = Release|Any CPU
		{A088AD02-92C8-48CA-877C-EF2A749CB6FD}.Debug|Any CPU.ActiveCfg = Debug|Any CPU
		{A088AD02-92C8-48CA-877C-EF2A749CB6FD}.Debug|Any CPU.Build.0 = Debug|Any CPU
		{A088AD02-92C8-48CA-877C-EF2A749CB6FD}.Release|Any CPU.ActiveCfg = Release|Any CPU
		{A088AD02-92C8-48CA-877C-EF2A749CB6FD}.Release|Any CPU.Build.0 = Release|Any CPU
		{21BD4287-DDCB-446C-9DB7-975F31999586}.Debug|Any CPU.ActiveCfg = Debug|Any CPU
		{21BD4287-DDCB-446C-9DB7-975F31999586}.Debug|Any CPU.Build.0 = Debug|Any CPU
		{21BD4287-DDCB-446C-9DB7-975F31999586}.Release|Any CPU.ActiveCfg = Release|Any CPU
		{21BD4287-DDCB-446C-9DB7-975F31999586}.Release|Any CPU.Build.0 = Release|Any CPU
		{75B098F2-A5EE-462E-BC74-036CECEFF4E3}.Debug|Any CPU.ActiveCfg = Debug|Any CPU
		{75B098F2-A5EE-462E-BC74-036CECEFF4E3}.Debug|Any CPU.Build.0 = Debug|Any CPU
		{75B098F2-A5EE-462E-BC74-036CECEFF4E3}.Release|Any CPU.ActiveCfg = Release|Any CPU
		{75B098F2-A5EE-462E-BC74-036CECEFF4E3}.Release|Any CPU.Build.0 = Release|Any CPU
		{62B49CBC-4E53-4D91-9265-C4E419FFA3AD}.Debug|Any CPU.ActiveCfg = Debug|Any CPU
		{62B49CBC-4E53-4D91-9265-C4E419FFA3AD}.Debug|Any CPU.Build.0 = Debug|Any CPU
		{62B49CBC-4E53-4D91-9265-C4E419FFA3AD}.Release|Any CPU.ActiveCfg = Release|Any CPU
		{62B49CBC-4E53-4D91-9265-C4E419FFA3AD}.Release|Any CPU.Build.0 = Release|Any CPU
		{963F3476-01E9-43BC-9DBE-16F2872A4CA0}.Debug|Any CPU.ActiveCfg = Debug|Any CPU
		{963F3476-01E9-43BC-9DBE-16F2872A4CA0}.Debug|Any CPU.Build.0 = Debug|Any CPU
		{963F3476-01E9-43BC-9DBE-16F2872A4CA0}.Release|Any CPU.ActiveCfg = Release|Any CPU
		{963F3476-01E9-43BC-9DBE-16F2872A4CA0}.Release|Any CPU.Build.0 = Release|Any CPU
		{6157C861-03F1-4807-AA16-276EA2A4582B}.Debug|Any CPU.ActiveCfg = Debug|Any CPU
		{6157C861-03F1-4807-AA16-276EA2A4582B}.Debug|Any CPU.Build.0 = Debug|Any CPU
		{6157C861-03F1-4807-AA16-276EA2A4582B}.Release|Any CPU.ActiveCfg = Release|Any CPU
		{6157C861-03F1-4807-AA16-276EA2A4582B}.Release|Any CPU.Build.0 = Release|Any CPU
		{87481724-1EC8-4908-B812-061F1E5ED3D5}.Debug|Any CPU.ActiveCfg = Debug|Any CPU
		{87481724-1EC8-4908-B812-061F1E5ED3D5}.Debug|Any CPU.Build.0 = Debug|Any CPU
		{87481724-1EC8-4908-B812-061F1E5ED3D5}.Release|Any CPU.ActiveCfg = Release|Any CPU
		{87481724-1EC8-4908-B812-061F1E5ED3D5}.Release|Any CPU.Build.0 = Release|Any CPU
		{A993EC7B-9E76-4B42-A5B0-750BD59B3886}.Debug|Any CPU.ActiveCfg = Debug|Any CPU
		{A993EC7B-9E76-4B42-A5B0-750BD59B3886}.Debug|Any CPU.Build.0 = Debug|Any CPU
		{A993EC7B-9E76-4B42-A5B0-750BD59B3886}.Release|Any CPU.ActiveCfg = Release|Any CPU
		{A993EC7B-9E76-4B42-A5B0-750BD59B3886}.Release|Any CPU.Build.0 = Release|Any CPU
		{1DB66B47-7B25-4BB0-8338-B2CCA4EA0A1E}.Debug|Any CPU.ActiveCfg = Debug|Any CPU
		{1DB66B47-7B25-4BB0-8338-B2CCA4EA0A1E}.Debug|Any CPU.Build.0 = Debug|Any CPU
		{1DB66B47-7B25-4BB0-8338-B2CCA4EA0A1E}.Release|Any CPU.ActiveCfg = Release|Any CPU
		{1DB66B47-7B25-4BB0-8338-B2CCA4EA0A1E}.Release|Any CPU.Build.0 = Release|Any CPU
		{4F9DE61E-B88A-4BBB-BE5F-362E65DAC5A9}.Debug|Any CPU.ActiveCfg = Debug|Any CPU
		{4F9DE61E-B88A-4BBB-BE5F-362E65DAC5A9}.Debug|Any CPU.Build.0 = Debug|Any CPU
		{4F9DE61E-B88A-4BBB-BE5F-362E65DAC5A9}.Release|Any CPU.ActiveCfg = Release|Any CPU
		{4F9DE61E-B88A-4BBB-BE5F-362E65DAC5A9}.Release|Any CPU.Build.0 = Release|Any CPU
	EndGlobalSection
	GlobalSection(NestedProjects) = preSolution
		{56046B5B-D92E-40D6-8FBF-AA2524B51271} = {8F0457B3-E205-44CF-AFAA-5EB8B8967399}
		{21BD4287-DDCB-446C-9DB7-975F31999586} = {8F0457B3-E205-44CF-AFAA-5EB8B8967399}
		{62B49CBC-4E53-4D91-9265-C4E419FFA3AD} = {8F0457B3-E205-44CF-AFAA-5EB8B8967399}
		{963F3476-01E9-43BC-9DBE-16F2872A4CA0} = {8F0457B3-E205-44CF-AFAA-5EB8B8967399}
		{A993EC7B-9E76-4B42-A5B0-750BD59B3886} = {8F0457B3-E205-44CF-AFAA-5EB8B8967399}
		{1DB66B47-7B25-4BB0-8338-B2CCA4EA0A1E} = {8F0457B3-E205-44CF-AFAA-5EB8B8967399}
		{4F9DE61E-B88A-4BBB-BE5F-362E65DAC5A9} = {8F0457B3-E205-44CF-AFAA-5EB8B8967399}
	EndGlobalSection
EndGlobal
